
Microsoft Visual Studio Solution File, Format Version 12.00
# Visual Studio Version 16
VisualStudioVersion = 16.0.31624.102
MinimumVisualStudioVersion = 10.0.40219.1
Project("{FAE04EC0-301F-11D3-BF4B-00C04F79EFBC}") = "rzmasiv", "rzmasiv.csproj", "{AE8909B6-2D8B-4E3B-B567-60DED5545411}"
EndProject
Global
	GlobalSection(SolutionConfigurationPlatforms) = preSolution
		Debug|Any CPU = Debug|Any CPU
		Release|Any CPU = Release|Any CPU
	EndGlobalSection
	GlobalSection(ProjectConfigurationPlatforms) = postSolution
		{AE8909B6-2D8B-4E3B-B567-60DED5545411}.Debug|Any CPU.ActiveCfg = Debug|Any CPU
		{AE8909B6-2D8B-4E3B-B567-60DED5545411}.Debug|Any CPU.Build.0 = Debug|Any CPU
		{AE8909B6-2D8B-4E3B-B567-60DED5545411}.Release|Any CPU.ActiveCfg = Release|Any CPU
		{AE8909B6-2D8B-4E3B-B567-60DED5545411}.Release|Any CPU.Build.0 = Release|Any CPU
	EndGlobalSection
	GlobalSection(SolutionProperties) = preSolution
		HideSolutionNode = FALSE
	EndGlobalSection
	GlobalSection(ExtensibilityGlobals) = postSolution
		SolutionGuid = {B40D4360-763B-452D-BD4F-4E6670D3FCEC}
	EndGlobalSection
EndGlobal
